
Microsoft Visual Studio Solution File, Format Version 12.00
# Visual Studio Version 17
VisualStudioVersion = 17.11.35303.130
MinimumVisualStudioVersion = 10.0.40219.1
Project("{FAE04EC0-301F-11D3-BF4B-00C04F79EFBC}") = "exercicio 49", "exercicio 49\exercicio 49.csproj", "{33175DDC-1E6C-4C71-9461-CAD650ED2591}"
EndProject
Global
	GlobalSection(SolutionConfigurationPlatforms) = preSolution
		Debug|Any CPU = Debug|Any CPU
		Release|Any CPU = Release|Any CPU
	EndGlobalSection
	GlobalSection(ProjectConfigurationPlatforms) = postSolution
		{33175DDC-1E6C-4C71-9461-CAD650ED2591}.Debug|Any CPU.ActiveCfg = Debug|Any CPU
		{33175DDC-1E6C-4C71-9461-CAD650ED2591}.Debug|Any CPU.Build.0 = Debug|Any CPU
		{33175DDC-1E6C-4C71-9461-CAD650ED2591}.Release|Any CPU.ActiveCfg = Release|Any CPU
		{33175DDC-1E6C-4C71-9461-CAD650ED2591}.Release|Any CPU.Build.0 = Release|Any CPU
	EndGlobalSection
	GlobalSection(SolutionProperties) = preSolution
		HideSolutionNode = FALSE
	EndGlobalSection
	GlobalSection(ExtensibilityGlobals) = postSolution
		SolutionGuid = {786F10F1-19FF-419D-8847-E205BB8D0DA8}
	EndGlobalSection
EndGlobal
