
Microsoft Visual Studio Solution File, Format Version 12.00
# Visual Studio Version 17
VisualStudioVersion = 17.11.35303.130
MinimumVisualStudioVersion = 10.0.40219.1
Project("{FAE04EC0-301F-11D3-BF4B-00C04F79EFBC}") = "exercicio 41", "exercicio 41\exercicio 41.csproj", "{62AF6869-C2AE-4B07-9D32-B5404B30E600}"
EndProject
Global
	GlobalSection(SolutionConfigurationPlatforms) = preSolution
		Debug|Any CPU = Debug|Any CPU
		Release|Any CPU = Release|Any CPU
	EndGlobalSection
	GlobalSection(ProjectConfigurationPlatforms) = postSolution
		{62AF6869-C2AE-4B07-9D32-B5404B30E600}.Debug|Any CPU.ActiveCfg = Debug|Any CPU
		{62AF6869-C2AE-4B07-9D32-B5404B30E600}.Debug|Any CPU.Build.0 = Debug|Any CPU
		{62AF6869-C2AE-4B07-9D32-B5404B30E600}.Release|Any CPU.ActiveCfg = Release|Any CPU
		{62AF6869-C2AE-4B07-9D32-B5404B30E600}.Release|Any CPU.Build.0 = Release|Any CPU
	EndGlobalSection
	GlobalSection(SolutionProperties) = preSolution
		HideSolutionNode = FALSE
	EndGlobalSection
	GlobalSection(ExtensibilityGlobals) = postSolution
		SolutionGuid = {7354D33D-5899-43F7-9985-209035648E3B}
	EndGlobalSection
EndGlobal
