
Microsoft Visual Studio Solution File, Format Version 12.00
# Visual Studio Version 17
VisualStudioVersion = 17.11.35303.130
MinimumVisualStudioVersion = 10.0.40219.1
Project("{FAE04EC0-301F-11D3-BF4B-00C04F79EFBC}") = "exercicio 42", "exercicio 42\exercicio 42.csproj", "{AB0DA625-DBFA-4DB0-A251-9999AF9EFBB5}"
EndProject
Global
	GlobalSection(SolutionConfigurationPlatforms) = preSolution
		Debug|Any CPU = Debug|Any CPU
		Release|Any CPU = Release|Any CPU
	EndGlobalSection
	GlobalSection(ProjectConfigurationPlatforms) = postSolution
		{AB0DA625-DBFA-4DB0-A251-9999AF9EFBB5}.Debug|Any CPU.ActiveCfg = Debug|Any CPU
		{AB0DA625-DBFA-4DB0-A251-9999AF9EFBB5}.Debug|Any CPU.Build.0 = Debug|Any CPU
		{AB0DA625-DBFA-4DB0-A251-9999AF9EFBB5}.Release|Any CPU.ActiveCfg = Release|Any CPU
		{AB0DA625-DBFA-4DB0-A251-9999AF9EFBB5}.Release|Any CPU.Build.0 = Release|Any CPU
	EndGlobalSection
	GlobalSection(SolutionProperties) = preSolution
		HideSolutionNode = FALSE
	EndGlobalSection
	GlobalSection(ExtensibilityGlobals) = postSolution
		SolutionGuid = {7B59AD1C-D3E2-4CB6-9D92-2755540871A5}
	EndGlobalSection
EndGlobal
