
Microsoft Visual Studio Solution File, Format Version 12.00
# Visual Studio Version 17
VisualStudioVersion = 17.11.35303.130
MinimumVisualStudioVersion = 10.0.40219.1
Project("{FAE04EC0-301F-11D3-BF4B-00C04F79EFBC}") = "exercicio 64", "exercicio 64\exercicio 64.csproj", "{C72FA221-5A71-489C-9C06-A3F99D630CDC}"
EndProject
Global
	GlobalSection(SolutionConfigurationPlatforms) = preSolution
		Debug|Any CPU = Debug|Any CPU
		Release|Any CPU = Release|Any CPU
	EndGlobalSection
	GlobalSection(ProjectConfigurationPlatforms) = postSolution
		{C72FA221-5A71-489C-9C06-A3F99D630CDC}.Debug|Any CPU.ActiveCfg = Debug|Any CPU
		{C72FA221-5A71-489C-9C06-A3F99D630CDC}.Debug|Any CPU.Build.0 = Debug|Any CPU
		{C72FA221-5A71-489C-9C06-A3F99D630CDC}.Release|Any CPU.ActiveCfg = Release|Any CPU
		{C72FA221-5A71-489C-9C06-A3F99D630CDC}.Release|Any CPU.Build.0 = Release|Any CPU
	EndGlobalSection
	GlobalSection(SolutionProperties) = preSolution
		HideSolutionNode = FALSE
	EndGlobalSection
	GlobalSection(ExtensibilityGlobals) = postSolution
		SolutionGuid = {743DDD6F-9C68-4595-A5E3-C87F58ED3BA1}
	EndGlobalSection
EndGlobal
